
Microsoft Visual Studio Solution File, Format Version 12.00
# Visual Studio Version 16
VisualStudioVersion = 16.0.29306.81
MinimumVisualStudioVersion = 10.0.40219.1
Project("{FAE04EC0-301F-11D3-BF4B-00C04F79EFBC}") = "TicTacToe", "TicTacToe.csproj", "{7FBF21A3-EF01-4D48-83B9-2B8FEE994774}"
EndProject
Global
	GlobalSection(SolutionConfigurationPlatforms) = preSolution
		Debug|Any CPU = Debug|Any CPU
		Release|Any CPU = Release|Any CPU
	EndGlobalSection
	GlobalSection(ProjectConfigurationPlatforms) = postSolution
		{7FBF21A3-EF01-4D48-83B9-2B8FEE994774}.Debug|Any CPU.ActiveCfg = Debug|Any CPU
		{7FBF21A3-EF01-4D48-83B9-2B8FEE994774}.Debug|Any CPU.Build.0 = Debug|Any CPU
		{7FBF21A3-EF01-4D48-83B9-2B8FEE994774}.Release|Any CPU.ActiveCfg = Release|Any CPU
		{7FBF21A3-EF01-4D48-83B9-2B8FEE994774}.Release|Any CPU.Build.0 = Release|Any CPU
	EndGlobalSection
	GlobalSection(SolutionProperties) = preSolution
		HideSolutionNode = FALSE
	EndGlobalSection
	GlobalSection(ExtensibilityGlobals) = postSolution
		SolutionGuid = {A81D3D1A-9705-422B-B35A-C7D8453B1B58}
	EndGlobalSection
EndGlobal
